
Microsoft Visual Studio Solution File, Format Version 12.00
# Visual Studio Version 17
VisualStudioVersion = 17.7.34202.233
MinimumVisualStudioVersion = 10.0.40219.1
Project("{8BC9CEB8-8B4A-11D0-8D11-00A0C91BC942}") = "Lab_06.3.rek", "Lab_06.3.rek.vcxproj", "{458DCE74-E667-4D78-9359-A0B0C89D22A0}"
EndProject
Project("{8BC9CEB8-8B4A-11D0-8D11-00A0C91BC942}") = "UnitTest6.3.rek", "UnitTest6.3.rek\UnitTest6.3.rek.vcxproj", "{D20C8815-8A53-4D23-856D-E5DDAC867B46}"
EndProject
Global
	GlobalSection(SolutionConfigurationPlatforms) = preSolution
		Debug|x64 = Debug|x64
		Debug|x86 = Debug|x86
		Release|x64 = Release|x64
		Release|x86 = Release|x86
	EndGlobalSection
	GlobalSection(ProjectConfigurationPlatforms) = postSolution
		{458DCE74-E667-4D78-9359-A0B0C89D22A0}.Debug|x64.ActiveCfg = Debug|x64
		{458DCE74-E667-4D78-9359-A0B0C89D22A0}.Debug|x64.Build.0 = Debug|x64
		{458DCE74-E667-4D78-9359-A0B0C89D22A0}.Debug|x86.ActiveCfg = Debug|Win32
		{458DCE74-E667-4D78-9359-A0B0C89D22A0}.Debug|x86.Build.0 = Debug|Win32
		{458DCE74-E667-4D78-9359-A0B0C89D22A0}.Release|x64.ActiveCfg = Release|x64
		{458DCE74-E667-4D78-9359-A0B0C89D22A0}.Release|x64.Build.0 = Release|x64
		{458DCE74-E667-4D78-9359-A0B0C89D22A0}.Release|x86.ActiveCfg = Release|Win32
		{458DCE74-E667-4D78-9359-A0B0C89D22A0}.Release|x86.Build.0 = Release|Win32
		{D20C8815-8A53-4D23-856D-E5DDAC867B46}.Debug|x64.ActiveCfg = Debug|x64
		{D20C8815-8A53-4D23-856D-E5DDAC867B46}.Debug|x64.Build.0 = Debug|x64
		{D20C8815-8A53-4D23-856D-E5DDAC867B46}.Debug|x86.ActiveCfg = Debug|Win32
		{D20C8815-8A53-4D23-856D-E5DDAC867B46}.Debug|x86.Build.0 = Debug|Win32
		{D20C8815-8A53-4D23-856D-E5DDAC867B46}.Release|x64.ActiveCfg = Release|x64
		{D20C8815-8A53-4D23-856D-E5DDAC867B46}.Release|x64.Build.0 = Release|x64
		{D20C8815-8A53-4D23-856D-E5DDAC867B46}.Release|x86.ActiveCfg = Release|Win32
		{D20C8815-8A53-4D23-856D-E5DDAC867B46}.Release|x86.Build.0 = Release|Win32
	EndGlobalSection
	GlobalSection(SolutionProperties) = preSolution
		HideSolutionNode = FALSE
	EndGlobalSection
	GlobalSection(ExtensibilityGlobals) = postSolution
		SolutionGuid = {287163BE-AD32-4C69-9B44-A8EEC23004AE}
	EndGlobalSection
EndGlobal
